
Microsoft Visual Studio Solution File, Format Version 12.00
# Visual Studio Version 16
VisualStudioVersion = 16.0.31424.327
MinimumVisualStudioVersion = 10.0.40219.1
Project("{FAE04EC0-301F-11D3-BF4B-00C04F79EFBC}") = "MyNextAPI", "MyNextAPI\MyNextAPI.csproj", "{A33B5B02-3452-426A-A931-7331E8F1D74D}"
EndProject
Global
	GlobalSection(SolutionConfigurationPlatforms) = preSolution
		Debug|Any CPU = Debug|Any CPU
		Release|Any CPU = Release|Any CPU
	EndGlobalSection
	GlobalSection(ProjectConfigurationPlatforms) = postSolution
		{A33B5B02-3452-426A-A931-7331E8F1D74D}.Debug|Any CPU.ActiveCfg = Debug|Any CPU
		{A33B5B02-3452-426A-A931-7331E8F1D74D}.Debug|Any CPU.Build.0 = Debug|Any CPU
		{A33B5B02-3452-426A-A931-7331E8F1D74D}.Release|Any CPU.ActiveCfg = Release|Any CPU
		{A33B5B02-3452-426A-A931-7331E8F1D74D}.Release|Any CPU.Build.0 = Release|Any CPU
	EndGlobalSection
	GlobalSection(SolutionProperties) = preSolution
		HideSolutionNode = FALSE
	EndGlobalSection
	GlobalSection(ExtensibilityGlobals) = postSolution
		SolutionGuid = {A57AB7FE-CA85-4FE6-9977-B888DAC09592}
	EndGlobalSection
EndGlobal
